
Microsoft Visual Studio Solution File, Format Version 12.00
# Visual Studio Version 17
VisualStudioVersion = 17.8.34316.72
MinimumVisualStudioVersion = 10.0.40219.1
Project("{9A19103F-16F7-4668-BE54-9A1E7A4F7556}") = "Day01", "Day01\Day01.csproj", "{40B48C5E-16DB-461D-BCEF-E741B8B6336D}"
EndProject
Project("{9A19103F-16F7-4668-BE54-9A1E7A4F7556}") = "Day02", "Day02\Day02.csproj", "{5C9F0D3C-1D20-4B11-8840-7DBFB6DD2B8F}"
EndProject
Project("{9A19103F-16F7-4668-BE54-9A1E7A4F7556}") = "Day03", "Day03\Day03.csproj", "{74D492DD-07EB-4826-9415-911DAD0F5E90}"
EndProject
Project("{9A19103F-16F7-4668-BE54-9A1E7A4F7556}") = "Day04", "Day04\Day04.csproj", "{6BCE5C82-BE01-40AC-9373-C165704EE489}"
EndProject
Project("{9A19103F-16F7-4668-BE54-9A1E7A4F7556}") = "Day05", "Day05\Day05.csproj", "{05E8D59E-5189-4A3F-A6B3-02C2E21D796A}"
EndProject
Project("{9A19103F-16F7-4668-BE54-9A1E7A4F7556}") = "Day06", "Day06\Day06.csproj", "{8920A335-2D0B-46BF-968F-1448D49CEB46}"
EndProject
Project("{9A19103F-16F7-4668-BE54-9A1E7A4F7556}") = "Day05Tests", "Day05Tests\Day05Tests.csproj", "{1B8D42A6-A253-47A5-8AE6-4B40F212EA49}"
EndProject
Project("{9A19103F-16F7-4668-BE54-9A1E7A4F7556}") = "Day07", "Day07\Day07.csproj", "{85043A4B-5F5D-41CB-B9F1-88E80E2FF58F}"
EndProject
Project("{9A19103F-16F7-4668-BE54-9A1E7A4F7556}") = "Day08", "Day08\Day08.csproj", "{AA62960C-B004-436C-BDD5-ED6B8B602576}"
EndProject
Project("{9A19103F-16F7-4668-BE54-9A1E7A4F7556}") = "Day09", "Day09\Day09.csproj", "{317F1E02-27B9-4DC1-9C98-5F65EF0335AB}"
EndProject
Project("{9A19103F-16F7-4668-BE54-9A1E7A4F7556}") = "Day10", "Day10\Day10.csproj", "{28AA84E7-8A10-4A3C-BB69-8B6985B1444A}"
EndProject
Project("{9A19103F-16F7-4668-BE54-9A1E7A4F7556}") = "Day11", "Day11\Day11.csproj", "{AC1AF692-FB43-433F-B6AA-31B5F5DD97EC}"
EndProject
Project("{9A19103F-16F7-4668-BE54-9A1E7A4F7556}") = "Day12", "Day12\Day12.csproj", "{31573B59-6E2C-4F80-B753-7C01A1083E60}"
EndProject
Project("{9A19103F-16F7-4668-BE54-9A1E7A4F7556}") = "Day13", "Day13\Day13.csproj", "{FC9F3101-444B-4E7F-852F-29D7B73F4950}"
EndProject
Project("{9A19103F-16F7-4668-BE54-9A1E7A4F7556}") = "Day14", "Day14\Day14.csproj", "{F91A5681-62D9-4129-8EB6-F73CDBF6FC77}"
EndProject
Project("{9A19103F-16F7-4668-BE54-9A1E7A4F7556}") = "Day15", "Day15\Day15.csproj", "{12D68800-5D59-4A40-8870-5C4E5C872BC6}"
EndProject
Project("{9A19103F-16F7-4668-BE54-9A1E7A4F7556}") = "Day16", "Day16\Day16.csproj", "{2410374D-D155-42FB-82AF-872A4E88BEDF}"
EndProject
Project("{FAE04EC0-301F-11D3-BF4B-00C04F79EFBC}") = "Day19", "Day19\Day19.csproj", "{26EE058D-E821-4B4D-943B-7A1AFC9BDF7A}"
EndProject
Project("{FAE04EC0-301F-11D3-BF4B-00C04F79EFBC}") = "Day18", "Day18\Day18.csproj", "{4D1BFFDC-A688-4181-B7B8-12B2CDEEA28E}"
EndProject
Project("{FAE04EC0-301F-11D3-BF4B-00C04F79EFBC}") = "Day17", "Day17\Day17.csproj", "{DC035956-37AE-46EA-A7D3-31828A21ECD7}"
EndProject
Project("{FAE04EC0-301F-11D3-BF4B-00C04F79EFBC}") = "Day20", "Day20\Day20.csproj", "{56F759B1-0888-4653-887B-F14D8F503B2E}"
EndProject
Global
	GlobalSection(SolutionConfigurationPlatforms) = preSolution
		Debug|Any CPU = Debug|Any CPU
		Release|Any CPU = Release|Any CPU
	EndGlobalSection
	GlobalSection(ProjectConfigurationPlatforms) = postSolution
		{40B48C5E-16DB-461D-BCEF-E741B8B6336D}.Debug|Any CPU.ActiveCfg = Debug|Any CPU
		{40B48C5E-16DB-461D-BCEF-E741B8B6336D}.Debug|Any CPU.Build.0 = Debug|Any CPU
		{40B48C5E-16DB-461D-BCEF-E741B8B6336D}.Release|Any CPU.ActiveCfg = Release|Any CPU
		{40B48C5E-16DB-461D-BCEF-E741B8B6336D}.Release|Any CPU.Build.0 = Release|Any CPU
		{5C9F0D3C-1D20-4B11-8840-7DBFB6DD2B8F}.Debug|Any CPU.ActiveCfg = Debug|Any CPU
		{5C9F0D3C-1D20-4B11-8840-7DBFB6DD2B8F}.Debug|Any CPU.Build.0 = Debug|Any CPU
		{5C9F0D3C-1D20-4B11-8840-7DBFB6DD2B8F}.Release|Any CPU.ActiveCfg = Release|Any CPU
		{5C9F0D3C-1D20-4B11-8840-7DBFB6DD2B8F}.Release|Any CPU.Build.0 = Release|Any CPU
		{74D492DD-07EB-4826-9415-911DAD0F5E90}.Debug|Any CPU.ActiveCfg = Debug|Any CPU
		{74D492DD-07EB-4826-9415-911DAD0F5E90}.Debug|Any CPU.Build.0 = Debug|Any CPU
		{74D492DD-07EB-4826-9415-911DAD0F5E90}.Release|Any CPU.ActiveCfg = Release|Any CPU
		{74D492DD-07EB-4826-9415-911DAD0F5E90}.Release|Any CPU.Build.0 = Release|Any CPU
		{6BCE5C82-BE01-40AC-9373-C165704EE489}.Debug|Any CPU.ActiveCfg = Debug|Any CPU
		{6BCE5C82-BE01-40AC-9373-C165704EE489}.Debug|Any CPU.Build.0 = Debug|Any CPU
		{6BCE5C82-BE01-40AC-9373-C165704EE489}.Release|Any CPU.ActiveCfg = Release|Any CPU
		{6BCE5C82-BE01-40AC-9373-C165704EE489}.Release|Any CPU.Build.0 = Release|Any CPU
		{05E8D59E-5189-4A3F-A6B3-02C2E21D796A}.Debug|Any CPU.ActiveCfg = Debug|Any CPU
		{05E8D59E-5189-4A3F-A6B3-02C2E21D796A}.Debug|Any CPU.Build.0 = Debug|Any CPU
		{05E8D59E-5189-4A3F-A6B3-02C2E21D796A}.Release|Any CPU.ActiveCfg = Release|Any CPU
		{05E8D59E-5189-4A3F-A6B3-02C2E21D796A}.Release|Any CPU.Build.0 = Release|Any CPU
		{8920A335-2D0B-46BF-968F-1448D49CEB46}.Debug|Any CPU.ActiveCfg = Debug|Any CPU
		{8920A335-2D0B-46BF-968F-1448D49CEB46}.Debug|Any CPU.Build.0 = Debug|Any CPU
		{8920A335-2D0B-46BF-968F-1448D49CEB46}.Release|Any CPU.ActiveCfg = Release|Any CPU
		{8920A335-2D0B-46BF-968F-1448D49CEB46}.Release|Any CPU.Build.0 = Release|Any CPU
		{1B8D42A6-A253-47A5-8AE6-4B40F212EA49}.Debug|Any CPU.ActiveCfg = Debug|Any CPU
		{1B8D42A6-A253-47A5-8AE6-4B40F212EA49}.Debug|Any CPU.Build.0 = Debug|Any CPU
		{1B8D42A6-A253-47A5-8AE6-4B40F212EA49}.Release|Any CPU.ActiveCfg = Release|Any CPU
		{1B8D42A6-A253-47A5-8AE6-4B40F212EA49}.Release|Any CPU.Build.0 = Release|Any CPU
		{85043A4B-5F5D-41CB-B9F1-88E80E2FF58F}.Debug|Any CPU.ActiveCfg = Debug|Any CPU
		{85043A4B-5F5D-41CB-B9F1-88E80E2FF58F}.Debug|Any CPU.Build.0 = Debug|Any CPU
		{85043A4B-5F5D-41CB-B9F1-88E80E2FF58F}.Release|Any CPU.ActiveCfg = Release|Any CPU
		{85043A4B-5F5D-41CB-B9F1-88E80E2FF58F}.Release|Any CPU.Build.0 = Release|Any CPU
		{AA62960C-B004-436C-BDD5-ED6B8B602576}.Debug|Any CPU.ActiveCfg = Debug|Any CPU
		{AA62960C-B004-436C-BDD5-ED6B8B602576}.Debug|Any CPU.Build.0 = Debug|Any CPU
		{AA62960C-B004-436C-BDD5-ED6B8B602576}.Release|Any CPU.ActiveCfg = Release|Any CPU
		{AA62960C-B004-436C-BDD5-ED6B8B602576}.Release|Any CPU.Build.0 = Release|Any CPU
		{317F1E02-27B9-4DC1-9C98-5F65EF0335AB}.Debug|Any CPU.ActiveCfg = Debug|Any CPU
		{317F1E02-27B9-4DC1-9C98-5F65EF0335AB}.Debug|Any CPU.Build.0 = Debug|Any CPU
		{317F1E02-27B9-4DC1-9C98-5F65EF0335AB}.Release|Any CPU.ActiveCfg = Release|Any CPU
		{317F1E02-27B9-4DC1-9C98-5F65EF0335AB}.Release|Any CPU.Build.0 = Release|Any CPU
		{28AA84E7-8A10-4A3C-BB69-8B6985B1444A}.Debug|Any CPU.ActiveCfg = Debug|Any CPU
		{28AA84E7-8A10-4A3C-BB69-8B6985B1444A}.Debug|Any CPU.Build.0 = Debug|Any CPU
		{28AA84E7-8A10-4A3C-BB69-8B6985B1444A}.Release|Any CPU.ActiveCfg = Release|Any CPU
		{28AA84E7-8A10-4A3C-BB69-8B6985B1444A}.Release|Any CPU.Build.0 = Release|Any CPU
		{AC1AF692-FB43-433F-B6AA-31B5F5DD97EC}.Debug|Any CPU.ActiveCfg = Debug|Any CPU
		{AC1AF692-FB43-433F-B6AA-31B5F5DD97EC}.Debug|Any CPU.Build.0 = Debug|Any CPU
		{AC1AF692-FB43-433F-B6AA-31B5F5DD97EC}.Release|Any CPU.ActiveCfg = Release|Any CPU
		{AC1AF692-FB43-433F-B6AA-31B5F5DD97EC}.Release|Any CPU.Build.0 = Release|Any CPU
		{31573B59-6E2C-4F80-B753-7C01A1083E60}.Debug|Any CPU.ActiveCfg = Debug|Any CPU
		{31573B59-6E2C-4F80-B753-7C01A1083E60}.Debug|Any CPU.Build.0 = Debug|Any CPU
		{31573B59-6E2C-4F80-B753-7C01A1083E60}.Release|Any CPU.ActiveCfg = Release|Any CPU
		{31573B59-6E2C-4F80-B753-7C01A1083E60}.Release|Any CPU.Build.0 = Release|Any CPU
		{FC9F3101-444B-4E7F-852F-29D7B73F4950}.Debug|Any CPU.ActiveCfg = Debug|Any CPU
		{FC9F3101-444B-4E7F-852F-29D7B73F4950}.Debug|Any CPU.Build.0 = Debug|Any CPU
		{FC9F3101-444B-4E7F-852F-29D7B73F4950}.Release|Any CPU.ActiveCfg = Release|Any CPU
		{FC9F3101-444B-4E7F-852F-29D7B73F4950}.Release|Any CPU.Build.0 = Release|Any CPU
		{F91A5681-62D9-4129-8EB6-F73CDBF6FC77}.Debug|Any CPU.ActiveCfg = Debug|Any CPU
		{F91A5681-62D9-4129-8EB6-F73CDBF6FC77}.Debug|Any CPU.Build.0 = Debug|Any CPU
		{F91A5681-62D9-4129-8EB6-F73CDBF6FC77}.Release|Any CPU.ActiveCfg = Release|Any CPU
		{F91A5681-62D9-4129-8EB6-F73CDBF6FC77}.Release|Any CPU.Build.0 = Release|Any CPU
		{12D68800-5D59-4A40-8870-5C4E5C872BC6}.Debug|Any CPU.ActiveCfg = Debug|Any CPU
		{12D68800-5D59-4A40-8870-5C4E5C872BC6}.Debug|Any CPU.Build.0 = Debug|Any CPU
		{12D68800-5D59-4A40-8870-5C4E5C872BC6}.Release|Any CPU.ActiveCfg = Release|Any CPU
		{12D68800-5D59-4A40-8870-5C4E5C872BC6}.Release|Any CPU.Build.0 = Release|Any CPU
		{2410374D-D155-42FB-82AF-872A4E88BEDF}.Debug|Any CPU.ActiveCfg = Debug|Any CPU
		{2410374D-D155-42FB-82AF-872A4E88BEDF}.Debug|Any CPU.Build.0 = Debug|Any CPU
		{2410374D-D155-42FB-82AF-872A4E88BEDF}.Release|Any CPU.ActiveCfg = Release|Any CPU
		{2410374D-D155-42FB-82AF-872A4E88BEDF}.Release|Any CPU.Build.0 = Release|Any CPU
		{26EE058D-E821-4B4D-943B-7A1AFC9BDF7A}.Debug|Any CPU.ActiveCfg = Debug|Any CPU
		{26EE058D-E821-4B4D-943B-7A1AFC9BDF7A}.Debug|Any CPU.Build.0 = Debug|Any CPU
		{26EE058D-E821-4B4D-943B-7A1AFC9BDF7A}.Release|Any CPU.ActiveCfg = Release|Any CPU
		{26EE058D-E821-4B4D-943B-7A1AFC9BDF7A}.Release|Any CPU.Build.0 = Release|Any CPU
		{4D1BFFDC-A688-4181-B7B8-12B2CDEEA28E}.Debug|Any CPU.ActiveCfg = Debug|Any CPU
		{4D1BFFDC-A688-4181-B7B8-12B2CDEEA28E}.Debug|Any CPU.Build.0 = Debug|Any CPU
		{4D1BFFDC-A688-4181-B7B8-12B2CDEEA28E}.Release|Any CPU.ActiveCfg = Release|Any CPU
		{4D1BFFDC-A688-4181-B7B8-12B2CDEEA28E}.Release|Any CPU.Build.0 = Release|Any CPU
		{DC035956-37AE-46EA-A7D3-31828A21ECD7}.Debug|Any CPU.ActiveCfg = Debug|Any CPU
		{DC035956-37AE-46EA-A7D3-31828A21ECD7}.Debug|Any CPU.Build.0 = Debug|Any CPU
		{DC035956-37AE-46EA-A7D3-31828A21ECD7}.Release|Any CPU.ActiveCfg = Release|Any CPU
		{DC035956-37AE-46EA-A7D3-31828A21ECD7}.Release|Any CPU.Build.0 = Release|Any CPU
		{56F759B1-0888-4653-887B-F14D8F503B2E}.Debug|Any CPU.ActiveCfg = Debug|Any CPU
		{56F759B1-0888-4653-887B-F14D8F503B2E}.Debug|Any CPU.Build.0 = Debug|Any CPU
		{56F759B1-0888-4653-887B-F14D8F503B2E}.Release|Any CPU.ActiveCfg = Release|Any CPU
		{56F759B1-0888-4653-887B-F14D8F503B2E}.Release|Any CPU.Build.0 = Release|Any CPU
	EndGlobalSection
	GlobalSection(SolutionProperties) = preSolution
		HideSolutionNode = FALSE
	EndGlobalSection
	GlobalSection(ExtensibilityGlobals) = postSolution
		SolutionGuid = {CDA4A7C4-F6D0-49E3-BFE7-F23E778B9F4D}
	EndGlobalSection
EndGlobal
